
Microsoft Visual Studio Solution File, Format Version 12.00
# Visual Studio Version 17
VisualStudioVersion = 17.4.33213.308
MinimumVisualStudioVersion = 10.0.40219.1
Project("{FAE04EC0-301F-11D3-BF4B-00C04F79EFBC}") = "DemoAuth.API", "DemoAuth.API\DemoAuth.API.csproj", "{2B2F98A7-18D4-45F3-BCF3-9C44517E0838}"
EndProject
Project("{FAE04EC0-301F-11D3-BF4B-00C04F79EFBC}") = "DemoAuth.DB", "DemoAuth.DB\DemoAuth.DB.csproj", "{C5CDB170-40E3-4A2B-B57E-C20E09874D31}"
EndProject
Project("{FAE04EC0-301F-11D3-BF4B-00C04F79EFBC}") = "DemoAuth.Models", "DemoAuth.Models\DemoAuth.Models.csproj", "{C1E88F19-F7B1-4918-ACD6-9FEC208A5840}"
EndProject
Project("{FAE04EC0-301F-11D3-BF4B-00C04F79EFBC}") = "DemoAuth.Core", "DemoAuth.Core\DemoAuth.Core.csproj", "{9BDDD195-2A0A-4273-AEEA-FC08C041447F}"
EndProject
Global
	GlobalSection(SolutionConfigurationPlatforms) = preSolution
		Debug|Any CPU = Debug|Any CPU
		Release|Any CPU = Release|Any CPU
	EndGlobalSection
	GlobalSection(ProjectConfigurationPlatforms) = postSolution
		{2B2F98A7-18D4-45F3-BCF3-9C44517E0838}.Debug|Any CPU.ActiveCfg = Debug|Any CPU
		{2B2F98A7-18D4-45F3-BCF3-9C44517E0838}.Debug|Any CPU.Build.0 = Debug|Any CPU
		{2B2F98A7-18D4-45F3-BCF3-9C44517E0838}.Release|Any CPU.ActiveCfg = Release|Any CPU
		{2B2F98A7-18D4-45F3-BCF3-9C44517E0838}.Release|Any CPU.Build.0 = Release|Any CPU
		{C5CDB170-40E3-4A2B-B57E-C20E09874D31}.Debug|Any CPU.ActiveCfg = Debug|Any CPU
		{C5CDB170-40E3-4A2B-B57E-C20E09874D31}.Debug|Any CPU.Build.0 = Debug|Any CPU
		{C5CDB170-40E3-4A2B-B57E-C20E09874D31}.Release|Any CPU.ActiveCfg = Release|Any CPU
		{C5CDB170-40E3-4A2B-B57E-C20E09874D31}.Release|Any CPU.Build.0 = Release|Any CPU
		{C1E88F19-F7B1-4918-ACD6-9FEC208A5840}.Debug|Any CPU.ActiveCfg = Debug|Any CPU
		{C1E88F19-F7B1-4918-ACD6-9FEC208A5840}.Debug|Any CPU.Build.0 = Debug|Any CPU
		{C1E88F19-F7B1-4918-ACD6-9FEC208A5840}.Release|Any CPU.ActiveCfg = Release|Any CPU
		{C1E88F19-F7B1-4918-ACD6-9FEC208A5840}.Release|Any CPU.Build.0 = Release|Any CPU
		{9BDDD195-2A0A-4273-AEEA-FC08C041447F}.Debug|Any CPU.ActiveCfg = Debug|Any CPU
		{9BDDD195-2A0A-4273-AEEA-FC08C041447F}.Debug|Any CPU.Build.0 = Debug|Any CPU
		{9BDDD195-2A0A-4273-AEEA-FC08C041447F}.Release|Any CPU.ActiveCfg = Release|Any CPU
		{9BDDD195-2A0A-4273-AEEA-FC08C041447F}.Release|Any CPU.Build.0 = Release|Any CPU
	EndGlobalSection
	GlobalSection(SolutionProperties) = preSolution
		HideSolutionNode = FALSE
	EndGlobalSection
	GlobalSection(ExtensibilityGlobals) = postSolution
		SolutionGuid = {B6BC2E8E-FB1D-429F-B4B7-163CE7E4196A}
	EndGlobalSection
EndGlobal
